PODS:
  - Capacitor (7.6.6):
    - CapacitorCordova
  - CapacitorCordova (7.6.6)
  - CapacitorHaptics (7.0.5):
    - Capacitor
  - CapacitorScreenOrientation (7.0.4):
    - Capacitor
  - CapacitorSplashScreen (7.0.5):
    - Capacitor
  - CapacitorStatusBar (7.0.6):
    - Capacitor

DEPENDENCIES:
  - "Capacitor (from `../../node_modules/@capacitor/ios`)"
  - "CapacitorCordova (from `../../node_modules/@capacitor/ios`)"
  - "CapacitorHaptics (from `../../node_modules/@capacitor/haptics`)"
  - "CapacitorScreenOrientation (from `../../node_modules/@capacitor/screen-orientation`)"
  - "CapacitorSplashScreen (from `../../node_modules/@capacitor/splash-screen`)"
  - "CapacitorStatusBar (from `../../node_modules/@capacitor/status-bar`)"

EXTERNAL SOURCES:
  Capacitor:
    :path: "../../node_modules/@capacitor/ios"
  CapacitorCordova:
    :path: "../../node_modules/@capacitor/ios"
  CapacitorHaptics:
    :path: "../../node_modules/@capacitor/haptics"
  CapacitorScreenOrientation:
    :path: "../../node_modules/@capacitor/screen-orientation"
  CapacitorSplashScreen:
    :path: "../../node_modules/@capacitor/splash-screen"
  CapacitorStatusBar:
    :path: "../../node_modules/@capacitor/status-bar"

SPEC CHECKSUMS:
  Capacitor: 961efd309ab0e390a8081b63c561186f61a6714d
  CapacitorCordova: 3a4e0027a89a59421c918d19aee9d6ba1c7a3556
  CapacitorHaptics: 1b145fa83c622e5383a3bac04ea81e2514f0b0f5
  CapacitorScreenOrientation: a128ea5394d31a12d77f7f6bcb497010945ecda8
  CapacitorSplashScreen: 409eeaaeac603d264f209c0fcb718aa22fe1f7bb
  CapacitorStatusBar: 416e9e53fd6397e668d4a181cd2131617d949bd6

PODFILE CHECKSUM: d5bb9181e7f86be8430fd3aef0cfde235f0dfc16

COCOAPODS: 1.16.2
